<?xml version="1.0" encoding="utf-8"?>
<Project ToolsVersion="4.0" xmlns="http://schemas.microsoft.com/developer/msbuild/2003">
  <ItemGroup>
    <ClCompile Include="engine.cpp" />
    <ClCompile Include="geometry.cpp" />
    <ClCompile Include="main.cpp" />
    <ClCompile Include="grav.cpp" />
    <ClCompile Include="player.cpp" />
    <ClCompile Include="structs.cpp" />
    <ClCompile Include="window.cpp" />
    <ClCompile Include="particleRasterizer.cpp" />
    <ClCompile Include="uiRasterizer.cpp" />
    <ClCompile Include="cardEngine.cpp" />
    <ClCompile Include="cardRasterizer.cpp" />
    <ClCompile Include="networking.cpp" />
    <ClCompile Include="statusLogger.cpp" />
  </ItemGroup>
  <ItemGroup>
    <ClInclude Include="engine.h" />
    <ClInclude Include="geometry.h" />
    <ClInclude Include="grav.h" />
    <ClInclude Include="player.h" />
    <ClInclude Include="structs.h" />
    <ClInclude Include="window.h" />
    <ClInclude Include="particleRasterizer.h" />
    <ClInclude Include="uiRasterizer.h" />
    <ClInclude Include="cardEngine.h" />
    <ClInclude Include="cardRasterizer.h" />
    <ClInclude Include="networking.h" />
    <ClInclude Include="resource.h" />
    <ClInclude Include="statusLogger.h" />
  </ItemGroup>
  <ItemGroup>
    <Image Include="textures\8BitDeck.png" />
    <Image Include="textures\Enhancers.png" />
    <Image Include="textures\icon.ico" />
    <Image Include="textures\icon.png" />
  </ItemGroup>
  <ItemGroup>
    <None Include="shaders\cardRasterizer\01.spv" />
    <None Include="shaders\cardRasterizer\02.spv" />
    <None Include="shaders\GravEngine\SortShaders\01.comp" />
    <None Include="shaders\GravEngine\SortShaders\02.comp" />
    <None Include="shaders\GravEngine\SortShaders\01.spv" />
    <None Include="shaders\GravEngine\SortShaders\02.spv" />
    <None Include="shaders\GravEngine\SortShaders\03.comp" />
    <None Include="shaders\GravEngine\SortShaders\03.spv" />
    <None Include="shaders\GravEngine\SortShaders\04.comp" />
    <None Include="shaders\GravEngine\SortShaders\04.spv" />
    <None Include="shaders\GravEngine\SortShaders\05.comp" />
    <None Include="shaders\GravEngine\SortShaders\05.spv" />
    <None Include="shaders\GravEngine\SortShaders\06.comp" />
    <None Include="shaders\GravEngine\SortShaders\07.comp" />
    <None Include="shaders\GravEngine\SortShaders\08.comp" />
    <None Include="shaders\GravEngine\SortShaders\09.comp" />
    <None Include="shaders\GravEngine\SortShaders\10.comp" />
    <None Include="shaders\GravEngine\01.comp" />
    <None Include="shaders\GravEngine\01.spv" />
    <None Include="shaders\particleRasterizer\01.spv" />
    <None Include="shaders\particleRasterizer\01_1.vert" />
    <None Include="shaders\particleRasterizer\02.frag" />
    <None Include="shaders\particleRasterizer\02.spv" />
    <None Include="shaders\uiRasterizer\01.spv" />
    <None Include="shaders\uiRasterizer\01.vert" />
    <None Include="shaders\uiRasterizer\02.frag" />
    <None Include="shaders\uiRasterizer\02.spv" />
    <None Include="profiles\default.toml" />
  </ItemGroup>
  <ItemGroup>
    <ResourceCompile Include="GravSim.rc" />
  </ItemGroup>
</Project>